
Microsoft Visual Studio Solution File, Format Version 12.00
# Visual Studio Version 17
VisualStudioVersion = 17.11.35222.181
MinimumVisualStudioVersion = 10.0.40219.1
Project("{2150E333-8FDC-42A3-9474-1A3956D46DE8}") = "Task0", "Task0", "{A93242EE-3966-493B-B084-FFC805B9AEE0}"
EndProject
Project("{9A19103F-16F7-4668-BE54-9A1E7A4F7556}") = "Tyuiu.GridinAE.Sprint3.Task0.V27", "Tyuiu.GridinAE.Sprint3.Task0.V27\Tyuiu.GridinAE.Sprint3.Task0.V27.csproj", "{5C22C520-3DF0-49A0-A8A5-E25464B93767}"
EndProject
Project("{9A19103F-16F7-4668-BE54-9A1E7A4F7556}") = "Tyuiu.GridinAE.Sprint3.Task0.V27.Lib", "Tyuiu.GridinAE.Sprint3.Task0.V27.Lib\Tyuiu.GridinAE.Sprint3.Task0.V27.Lib.csproj", "{1C8E0BBE-BA3D-4A32-8388-3CD9D1BC17BE}"
EndProject
Project("{9A19103F-16F7-4668-BE54-9A1E7A4F7556}") = "Tyuiu.GridinAE.Sprint3.Task0.V27.Test", "Tyuiu.GridinAE.Sprint3.Task0.V27.Test\Tyuiu.GridinAE.Sprint3.Task0.V27.Test.csproj", "{5361D9D3-6D71-4365-9862-2365A6614D43}"
EndProject
Project("{2150E333-8FDC-42A3-9474-1A3956D46DE8}") = "Task1", "Task1", "{3C18849E-06F9-4A26-A8A2-64759F862CEA}"
EndProject
Project("{FAE04EC0-301F-11D3-BF4B-00C04F79EFBC}") = "Tyuiu.GridinAE.Sprint3.Task1.V12", "Tyuiu.GridinAE.Sprint3.Task1.V12\Tyuiu.GridinAE.Sprint3.Task1.V12.csproj", "{7DA377A4-80D9-4C54-864C-F4C522694B7C}"
EndProject
Project("{FAE04EC0-301F-11D3-BF4B-00C04F79EFBC}") = "Tyuiu.GridinAE.Sprint3.Task1.V12.Lib", "Tyuiu.GridinAE.Sprint3.Task1.V12.Lib\Tyuiu.GridinAE.Sprint3.Task1.V12.Lib.csproj", "{C49C7DDC-6ED6-423E-81B4-D2FCA56EFF7A}"
EndProject
Project("{FAE04EC0-301F-11D3-BF4B-00C04F79EFBC}") = "Tyuiu.GridinAE.Sprint3.Task1.V12.Test", "Tyuiu.GridinAE.Sprint3.Task1.V12.Test\Tyuiu.GridinAE.Sprint3.Task1.V12.Test.csproj", "{F1E435CD-69B8-49D3-A8BE-9817D369E47E}"
EndProject
Project("{2150E333-8FDC-42A3-9474-1A3956D46DE8}") = "Task2", "Task2", "{EDB02E4B-2986-4E50-BA5B-05365573871E}"
EndProject
Project("{FAE04EC0-301F-11D3-BF4B-00C04F79EFBC}") = "Tyuiu.GridinAE.Sprint3.Task2.V10", "Tyuiu.GridinAE.Sprint3.Task2.V10\Tyuiu.GridinAE.Sprint3.Task2.V10.csproj", "{EC9CA319-C468-4794-8533-511861BE9CCE}"
EndProject
Project("{FAE04EC0-301F-11D3-BF4B-00C04F79EFBC}") = "Tyuiu.GridinAE.Sprint3.Task2.V10.Lib", "Tyuiu.GridinAE.Sprint3.Task2.V10.Lib\Tyuiu.GridinAE.Sprint3.Task2.V10.Lib.csproj", "{5025669E-6345-40CB-87BB-DE743439FCE9}"
EndProject
Project("{FAE04EC0-301F-11D3-BF4B-00C04F79EFBC}") = "Tyuiu.GridinAE.Sprint3.Task2.V10.Test", "Tyuiu.GridinAE.Sprint3.Task2.V10.Test\Tyuiu.GridinAE.Sprint3.Task2.V10.Test.csproj", "{8AA2A41F-720E-4FCB-A3AD-834D5ED81B72}"
EndProject
Project("{2150E333-8FDC-42A3-9474-1A3956D46DE8}") = "Task3", "Task3", "{E30B1512-4979-4C92-97C5-92427243A7E1}"
EndProject
Project("{FAE04EC0-301F-11D3-BF4B-00C04F79EFBC}") = "Tyuiu.GridinAE.Sprint3.Task3.V25", "Tyuiu.GridinAE.Sprint3.Task3.V25\Tyuiu.GridinAE.Sprint3.Task3.V25.csproj", "{589418A0-F8E8-4B63-B1F0-9EDB85DADA87}"
EndProject
Project("{FAE04EC0-301F-11D3-BF4B-00C04F79EFBC}") = "Tyuiu.GridinAE.Sprint3.Task3.V25.Lib", "Tyuiu.GridinAE.Sprint3.Task3.V25.Lib\Tyuiu.GridinAE.Sprint3.Task3.V25.Lib.csproj", "{D6230D94-55F2-4080-917B-A009495E82C0}"
EndProject
Project("{FAE04EC0-301F-11D3-BF4B-00C04F79EFBC}") = "Tyuiu.GridinAE.Sprint3.Task3.V25.Test", "Tyuiu.GridinAE.Sprint3.Task3.V25.Test\Tyuiu.GridinAE.Sprint3.Task3.V25.Test.csproj", "{37C89B34-F3CC-4C24-8A80-F564E5A53C41}"
EndProject
Global
	GlobalSection(SolutionConfigurationPlatforms) = preSolution
		Debug|Any CPU = Debug|Any CPU
		Release|Any CPU = Release|Any CPU
	EndGlobalSection
	GlobalSection(ProjectConfigurationPlatforms) = postSolution
		{5C22C520-3DF0-49A0-A8A5-E25464B93767}.Debug|Any CPU.ActiveCfg = Debug|Any CPU
		{5C22C520-3DF0-49A0-A8A5-E25464B93767}.Debug|Any CPU.Build.0 = Debug|Any CPU
		{5C22C520-3DF0-49A0-A8A5-E25464B93767}.Release|Any CPU.ActiveCfg = Release|Any CPU
		{5C22C520-3DF0-49A0-A8A5-E25464B93767}.Release|Any CPU.Build.0 = Release|Any CPU
		{1C8E0BBE-BA3D-4A32-8388-3CD9D1BC17BE}.Debug|Any CPU.ActiveCfg = Debug|Any CPU
		{1C8E0BBE-BA3D-4A32-8388-3CD9D1BC17BE}.Debug|Any CPU.Build.0 = Debug|Any CPU
		{1C8E0BBE-BA3D-4A32-8388-3CD9D1BC17BE}.Release|Any CPU.ActiveCfg = Release|Any CPU
		{1C8E0BBE-BA3D-4A32-8388-3CD9D1BC17BE}.Release|Any CPU.Build.0 = Release|Any CPU
		{5361D9D3-6D71-4365-9862-2365A6614D43}.Debug|Any CPU.ActiveCfg = Debug|Any CPU
		{5361D9D3-6D71-4365-9862-2365A6614D43}.Debug|Any CPU.Build.0 = Debug|Any CPU
		{5361D9D3-6D71-4365-9862-2365A6614D43}.Release|Any CPU.ActiveCfg = Release|Any CPU
		{5361D9D3-6D71-4365-9862-2365A6614D43}.Release|Any CPU.Build.0 = Release|Any CPU
		{7DA377A4-80D9-4C54-864C-F4C522694B7C}.Debug|Any CPU.ActiveCfg = Debug|Any CPU
		{7DA377A4-80D9-4C54-864C-F4C522694B7C}.Debug|Any CPU.Build.0 = Debug|Any CPU
		{7DA377A4-80D9-4C54-864C-F4C522694B7C}.Release|Any CPU.ActiveCfg = Release|Any CPU
		{7DA377A4-80D9-4C54-864C-F4C522694B7C}.Release|Any CPU.Build.0 = Release|Any CPU
		{C49C7DDC-6ED6-423E-81B4-D2FCA56EFF7A}.Debug|Any CPU.ActiveCfg = Debug|Any CPU
		{C49C7DDC-6ED6-423E-81B4-D2FCA56EFF7A}.Debug|Any CPU.Build.0 = Debug|Any CPU
		{C49C7DDC-6ED6-423E-81B4-D2FCA56EFF7A}.Release|Any CPU.ActiveCfg = Release|Any CPU
		{C49C7DDC-6ED6-423E-81B4-D2FCA56EFF7A}.Release|Any CPU.Build.0 = Release|Any CPU
		{F1E435CD-69B8-49D3-A8BE-9817D369E47E}.Debug|Any CPU.ActiveCfg = Debug|Any CPU
		{F1E435CD-69B8-49D3-A8BE-9817D369E47E}.Debug|Any CPU.Build.0 = Debug|Any CPU
		{F1E435CD-69B8-49D3-A8BE-9817D369E47E}.Release|Any CPU.ActiveCfg = Release|Any CPU
		{F1E435CD-69B8-49D3-A8BE-9817D369E47E}.Release|Any CPU.Build.0 = Release|Any CPU
		{EC9CA319-C468-4794-8533-511861BE9CCE}.Debug|Any CPU.ActiveCfg = Debug|Any CPU
		{EC9CA319-C468-4794-8533-511861BE9CCE}.Debug|Any CPU.Build.0 = Debug|Any CPU
		{EC9CA319-C468-4794-8533-511861BE9CCE}.Release|Any CPU.ActiveCfg = Release|Any CPU
		{EC9CA319-C468-4794-8533-511861BE9CCE}.Release|Any CPU.Build.0 = Release|Any CPU
		{5025669E-6345-40CB-87BB-DE743439FCE9}.Debug|Any CPU.ActiveCfg = Debug|Any CPU
		{5025669E-6345-40CB-87BB-DE743439FCE9}.Debug|Any CPU.Build.0 = Debug|Any CPU
		{5025669E-6345-40CB-87BB-DE743439FCE9}.Release|Any CPU.ActiveCfg = Release|Any CPU
		{5025669E-6345-40CB-87BB-DE743439FCE9}.Release|Any CPU.Build.0 = Release|Any CPU
		{8AA2A41F-720E-4FCB-A3AD-834D5ED81B72}.Debug|Any CPU.ActiveCfg = Debug|Any CPU
		{8AA2A41F-720E-4FCB-A3AD-834D5ED81B72}.Debug|Any CPU.Build.0 = Debug|Any CPU
		{8AA2A41F-720E-4FCB-A3AD-834D5ED81B72}.Release|Any CPU.ActiveCfg = Release|Any CPU
		{8AA2A41F-720E-4FCB-A3AD-834D5ED81B72}.Release|Any CPU.Build.0 = Release|Any CPU
		{589418A0-F8E8-4B63-B1F0-9EDB85DADA87}.Debug|Any CPU.ActiveCfg = Debug|Any CPU
		{589418A0-F8E8-4B63-B1F0-9EDB85DADA87}.Debug|Any CPU.Build.0 = Debug|Any CPU
		{589418A0-F8E8-4B63-B1F0-9EDB85DADA87}.Release|Any CPU.ActiveCfg = Release|Any CPU
		{589418A0-F8E8-4B63-B1F0-9EDB85DADA87}.Release|Any CPU.Build.0 = Release|Any CPU
		{D6230D94-55F2-4080-917B-A009495E82C0}.Debug|Any CPU.ActiveCfg = Debug|Any CPU
		{D6230D94-55F2-4080-917B-A009495E82C0}.Debug|Any CPU.Build.0 = Debug|Any CPU
		{D6230D94-55F2-4080-917B-A009495E82C0}.Release|Any CPU.ActiveCfg = Release|Any CPU
		{D6230D94-55F2-4080-917B-A009495E82C0}.Release|Any CPU.Build.0 = Release|Any CPU
		{37C89B34-F3CC-4C24-8A80-F564E5A53C41}.Debug|Any CPU.ActiveCfg = Debug|Any CPU
		{37C89B34-F3CC-4C24-8A80-F564E5A53C41}.Debug|Any CPU.Build.0 = Debug|Any CPU
		{37C89B34-F3CC-4C24-8A80-F564E5A53C41}.Release|Any CPU.ActiveCfg = Release|Any CPU
		{37C89B34-F3CC-4C24-8A80-F564E5A53C41}.Release|Any CPU.Build.0 = Release|Any CPU
	EndGlobalSection
	GlobalSection(SolutionProperties) = preSolution
		HideSolutionNode = FALSE
	EndGlobalSection
	GlobalSection(NestedProjects) = preSolution
		{5C22C520-3DF0-49A0-A8A5-E25464B93767} = {A93242EE-3966-493B-B084-FFC805B9AEE0}
		{1C8E0BBE-BA3D-4A32-8388-3CD9D1BC17BE} = {A93242EE-3966-493B-B084-FFC805B9AEE0}
		{5361D9D3-6D71-4365-9862-2365A6614D43} = {A93242EE-3966-493B-B084-FFC805B9AEE0}
		{7DA377A4-80D9-4C54-864C-F4C522694B7C} = {3C18849E-06F9-4A26-A8A2-64759F862CEA}
		{C49C7DDC-6ED6-423E-81B4-D2FCA56EFF7A} = {3C18849E-06F9-4A26-A8A2-64759F862CEA}
		{F1E435CD-69B8-49D3-A8BE-9817D369E47E} = {3C18849E-06F9-4A26-A8A2-64759F862CEA}
		{EC9CA319-C468-4794-8533-511861BE9CCE} = {EDB02E4B-2986-4E50-BA5B-05365573871E}
		{5025669E-6345-40CB-87BB-DE743439FCE9} = {EDB02E4B-2986-4E50-BA5B-05365573871E}
		{8AA2A41F-720E-4FCB-A3AD-834D5ED81B72} = {EDB02E4B-2986-4E50-BA5B-05365573871E}
		{589418A0-F8E8-4B63-B1F0-9EDB85DADA87} = {E30B1512-4979-4C92-97C5-92427243A7E1}
		{D6230D94-55F2-4080-917B-A009495E82C0} = {E30B1512-4979-4C92-97C5-92427243A7E1}
		{37C89B34-F3CC-4C24-8A80-F564E5A53C41} = {E30B1512-4979-4C92-97C5-92427243A7E1}
	EndGlobalSection
	GlobalSection(ExtensibilityGlobals) = postSolution
		SolutionGuid = {B1526508-E3AE-4918-992C-6C57EE3A469E}
	EndGlobalSection
EndGlobal
